// !$*UTF8*$!
{
	archiveVersion = 1;
	classes = {
	};
	objectVersion = 50;
	objects = {

/* Begin PBXBuildFile section */
		AC049C432201ABD500F39BCF /* AppDelegate.swift in Sources */ = {isa = PBXBuildFile; fileRef = AC049C422201ABD500F39BCF /* AppDelegate.swift */; };
		AC049C452201ABD500F39BCF /* ViewController.swift in Sources */ = {isa = PBXBuildFile; fileRef = AC049C442201ABD500F39BCF /* ViewController.swift */; };
		AC049C482201ABD500F39BCF /* Main.storyboard in Resources */ = {isa = PBXBuildFile; fileRef = AC049C462201ABD500F39BCF /* Main.storyboard */; };
		AC049C4A2201ABD700F39BCF /* Assets.xcassets in Resources */ = {isa = PBXBuildFile; fileRef = AC049C492201ABD700F39BCF /* Assets.xcassets */; };
		AC049C4D2201ABD700F39BCF /* LaunchScreen.storyboard in Resources */ = {isa = PBXBuildFile; fileRef = AC049C4B2201ABD700F39BCF /* LaunchScreen.storyboard */; };
		AC049C582201ABD700F39BCF /* CreditScoreInfoTests.swift in Sources */ = {isa = PBXBuildFile; fileRef = AC049C572201ABD700F39BCF /* CreditScoreInfoTests.swift */; };
		AC049C632201ABD700F39BCF /* CreditScoreInfoUITests.swift in Sources */ = {isa = PBXBuildFile; fileRef = AC049C622201ABD700F39BCF /* CreditScoreInfoUITests.swift */; };
/* End PBXBuildFile section */

/* Begin PBXContainerItemProxy section */
		AC049C542201ABD700F39BCF /* PBXContainerItemProxy */ = {
			isa = PBXContainerItemProxy;
			containerPortal = AC049C372201ABD500F39BCF /* Project object */;
			proxyType = 1;
			remoteGlobalIDString = AC049C3E2201ABD500F39BCF;
			remoteInfo = CreditScoreInfo;
		};
		AC049C5F2201ABD700F39BCF /* PBXContainerItemProxy */ = {
			isa = PBXContainerItemProxy;
			containerPortal = AC049C372201ABD500F39BCF /* Project object */;
			proxyType = 1;
			remoteGlobalIDString = AC049C3E2201ABD500F39BCF;
			remoteInfo = CreditScoreInfo;
		};
/* End PBXContainerItemProxy section */

/* Begin PBXFileReference section */
		AC049C3F2201ABD500F39BCF /* CreditScoreInfo.app */ = {isa = PBXFileReference; explicitFileType = wrapper.application; includeInIndex = 0; path = CreditScoreInfo.app; sourceTree = BUILT_PRODUCTS_DIR; };
		AC049C422201ABD500F39BCF /* AppDelegate.swift */ = {isa = PBXFileReference; lastKnownFileType = sourcecode.swift; path = AppDelegate.swift; sourceTree = "<group>"; };
		AC049C442201ABD500F39BCF /* ViewController.swift */ = {isa = PBXFileReference; lastKnownFileType = sourcecode.swift; path = ViewController.swift; sourceTree = "<group>"; };
		AC049C472201ABD500F39BCF /* Base */ = {isa = PBXFileReference; lastKnownFileType = file.storyboard; name = Base; path = Base.lproj/Main.storyboard; sourceTree = "<group>"; };
		AC049C492201ABD700F39BCF /* Assets.xcassets */ = {isa = PBXFileReference; lastKnownFileType = folder.assetcatalog; path = Assets.xcassets; sourceTree = "<group>"; };
		AC049C4C2201ABD700F39BCF /* Base */ = {isa = PBXFileReference; lastKnownFileType = file.storyboard; name = Base; path = Base.lproj/LaunchScreen.storyboard; sourceTree = "<group>"; };
		AC049C4E2201ABD700F39BCF /* Info.plist */ = {isa = PBXFileReference; lastKnownFileType = text.plist.xml; path = Info.plist; sourceTree = "<group>"; };
		AC049C532201ABD700F39BCF /* CreditScoreInfoTests.xctest */ = {isa = PBXFileReference; explicitFileType = wrapper.cfbundle; includeInIndex = 0; path = CreditScoreInfoTests.xctest; sourceTree = BUILT_PRODUCTS_DIR; };
		AC049C572201ABD700F39BCF /* CreditScoreInfoTests.swift */ = {isa = PBXFileReference; lastKnownFileType = sourcecode.swift; path = CreditScoreInfoTests.swift; sourceTree = "<group>"; };
		AC049C592201ABD700F39BCF /* Info.plist */ = {isa = PBXFileReference; lastKnownFileType = text.plist.xml; path = Info.plist; sourceTree = "<group>"; };
		AC049C5E2201ABD700F39BCF /* CreditScoreInfoUITests.xctest */ = {isa = PBXFileReference; explicitFileType = wrapper.cfbundle; includeInIndex = 0; path = CreditScoreInfoUITests.xctest; sourceTree = BUILT_PRODUCTS_DIR; };
		AC049C622201ABD700F39BCF /* CreditScoreInfoUITests.swift */ = {isa = PBXFileReference; lastKnownFileType = sourcecode.swift; path = CreditScoreInfoUITests.swift; sourceTree = "<group>"; };
		AC049C642201ABD700F39BCF /* Info.plist */ = {isa = PBXFileReference; lastKnownFileType = text.plist.xml; path = Info.plist; sourceTree = "<group>"; };
/* End PBXFileReference section */

/* Begin PBXFrameworksBuildPhase section */
		AC049C3C2201ABD500F39BCF /* Frameworks */ = {
			isa = PBXFrameworksBuildPhase;
			buildActionMask = 2147483647;
			files = (
			);
			runOnlyForDeploymentPostprocessing = 0;
		};
		AC049C502201ABD700F39BCF /* Frameworks */ = {
			isa = PBXFrameworksBuildPhase;
			buildActionMask = 2147483647;
			files = (
			);
			runOnlyForDeploymentPostprocessing = 0;
		};
		AC049C5B2201ABD700F39BCF /* Frameworks */ = {
			isa = PBXFrameworksBuildPhase;
			buildActionMask = 2147483647;
			files = (
			);
			runOnlyForDeploymentPostprocessing = 0;
		};
/* End PBXFrameworksBuildPhase section */

/* Begin PBXGroup section */
		AC049C362201ABD500F39BCF = {
			isa = PBXGroup;
			children = (
				AC049C412201ABD500F39BCF /* CreditScoreInfo */,
				AC049C562201ABD700F39BCF /* CreditScoreInfoTests */,
				AC049C612201ABD700F39BCF /* CreditScoreInfoUITests */,
				AC049C402201ABD500F39BCF /* Products */,
			);
			sourceTree = "<group>";
		};
		AC049C402201ABD500F39BCF /* Products */ = {
			isa = PBXGroup;
			children = (
				AC049C3F2201ABD500F39BCF /* CreditScoreInfo.app */,
				AC049C532201ABD700F39BCF /* CreditScoreInfoTests.xctest */,
				AC049C5E2201ABD700F39BCF /* CreditScoreInfoUITests.xctest */,
			);
			name = Products;
			sourceTree = "<group>";
		};
		AC049C412201ABD500F39BCF /* CreditScoreInfo */ = {
			isa = PBXGroup;
			children = (
				AC049C422201ABD500F39BCF /* AppDelegate.swift */,
				AC049C442201ABD500F39BCF /* ViewController.swift */,
				AC049C462201ABD500F39BCF /* Main.storyboard */,
				AC049C492201ABD700F39BCF /* Assets.xcassets */,
				AC049C4B2201ABD700F39BCF /* LaunchScreen.storyboard */,
				AC049C4E2201ABD700F39BCF /* Info.plist */,
			);
			path = CreditScoreInfo;
			sourceTree = "<group>";
		};
		AC049C562201ABD700F39BCF /* CreditScoreInfoTests */ = {
			isa = PBXGroup;
			children = (
				AC049C572201ABD700F39BCF /* CreditScoreInfoTests.swift */,
				AC049C592201ABD700F39BCF /* Info.plist */,
			);
			path = CreditScoreInfoTests;
			sourceTree = "<group>";
		};
		AC049C612201ABD700F39BCF /* CreditScoreInfoUITests */ = {
			isa = PBXGroup;
			children = (
				AC049C622201ABD700F39BCF /* CreditScoreInfoUITests.swift */,
				AC049C642201ABD700F39BCF /* Info.plist */,
			);
			path = CreditScoreInfoUITests;
			sourceTree = "<group>";
		};
/* End PBXGroup section */

/* Begin PBXNativeTarget section */
		AC049C3E2201ABD500F39BCF /* CreditScoreInfo */ = {
			isa = PBXNativeTarget;
			buildConfigurationList = AC049C672201ABD700F39BCF /* Build configuration list for PBXNativeTarget "CreditScoreInfo" */;
			buildPhases = (
				AC049C3B2201ABD500F39BCF /* Sources */,
				AC049C3C2201ABD500F39BCF /* Frameworks */,
				AC049C3D2201ABD500F39BCF /* Resources */,
			);
			buildRules = (
			);
			dependencies = (
			);
			name = CreditScoreInfo;
			productName = CreditScoreInfo;
			productReference = AC049C3F2201ABD500F39BCF /* CreditScoreInfo.app */;
			productType = "com.apple.product-type.application";
		};
		AC049C522201ABD700F39BCF /* CreditScoreInfoTests */ = {
			isa = PBXNativeTarget;
			buildConfigurationList = AC049C6A2201ABD700F39BCF /* Build configuration list for PBXNativeTarget "CreditScoreInfoTests" */;
			buildPhases = (
				AC049C4F2201ABD700F39BCF /* Sources */,
				AC049C502201ABD700F39BCF /* Frameworks */,
				AC049C512201ABD700F39BCF /* Resources */,
			);
			buildRules = (
			);
			dependencies = (
				AC049C552201ABD700F39BCF /* PBXTargetDependency */,
			);
			name = CreditScoreInfoTests;
			productName = CreditScoreInfoTests;
			productReference = AC049C532201ABD700F39BCF /* CreditScoreInfoTests.xctest */;
			productType = "com.apple.product-type.bundle.unit-test";
		};
		AC049C5D2201ABD700F39BCF /* CreditScoreInfoUITests */ = {
			isa = PBXNativeTarget;
			buildConfigurationList = AC049C6D2201ABD700F39BCF /* Build configuration list for PBXNativeTarget "CreditScoreInfoUITests" */;
			buildPhases = (
				AC049C5A2201ABD700F39BCF /* Sources */,
				AC049C5B2201ABD700F39BCF /* Frameworks */,
				AC049C5C2201ABD700F39BCF /* Resources */,
			);
			buildRules = (
			);
			dependencies = (
				AC049C602201ABD700F39BCF /* PBXTargetDependency */,
			);
			name = CreditScoreInfoUITests;
			productName = CreditScoreInfoUITests;
			productReference = AC049C5E2201ABD700F39BCF /* CreditScoreInfoUITests.xctest */;
			productType = "com.apple.product-type.bundle.ui-testing";
		};
/* End PBXNativeTarget section */

/* Begin PBXProject section */
		AC049C372201ABD500F39BCF /* Project object */ = {
			isa = PBXProject;
			attributes = {
				LastSwiftUpdateCheck = 1010;
				LastUpgradeCheck = 1010;
				ORGANIZATIONNAME = "Alexandre Freire";
				TargetAttributes = {
					AC049C3E2201ABD500F39BCF = {
						CreatedOnToolsVersion = 10.1;
					};
					AC049C522201ABD700F39BCF = {
						CreatedOnToolsVersion = 10.1;
						TestTargetID = AC049C3E2201ABD500F39BCF;
					};
					AC049C5D2201ABD700F39BCF = {
						CreatedOnToolsVersion = 10.1;
						TestTargetID = AC049C3E2201ABD500F39BCF;
					};
				};
			};
			buildConfigurationList = AC049C3A2201ABD500F39BCF /* Build configuration list for PBXProject "CreditScoreInfo" */;
			compatibilityVersion = "Xcode 9.3";
			developmentRegion = en;
			hasScannedForEncodings = 0;
			knownRegions = (
				en,
				Base,
			);
			mainGroup = AC049C362201ABD500F39BCF;
			productRefGroup = AC049C402201ABD500F39BCF /* Products */;
			projectDirPath = "";
			projectRoot = "";
			targets = (
				AC049C3E2201ABD500F39BCF /* CreditScoreInfo */,
				AC049C522201ABD700F39BCF /* CreditScoreInfoTests */,
				AC049C5D2201ABD700F39BCF /* CreditScoreInfoUITests */,
			);
		};
/* End PBXProject section */

/* Begin PBXResourcesBuildPhase section */
		AC049C3D2201ABD500F39BCF /* Resources */ = {
			isa = PBXResourcesBuildPhase;
			buildActionMask = 2147483647;
			files = (
				AC049C4D2201ABD700F39BCF /* LaunchScreen.storyboard in Resources */,
				AC049C4A2201ABD700F39BCF /* Assets.xcassets in Resources */,
				AC049C482201ABD500F39BCF /* Main.storyboard in Resources */,
			);
			runOnlyForDeploymentPostprocessing = 0;
		};
		AC049C512201ABD700F39BCF /* Resources */ = {
			isa = PBXResourcesBuildPhase;
			buildActionMask = 2147483647;
			files = (
			);
			runOnlyForDeploymentPostprocessing = 0;
		};
		AC049C5C2201ABD700F39BCF /* Resources */ = {
			isa = PBXResourcesBuildPhase;
			buildActionMask = 2147483647;
			files = (
			);
			runOnlyForDeploymentPostprocessing = 0;
		};
/* End PBXResourcesBuildPhase section */

/* Begin PBXSourcesBuildPhase section */
		AC049C3B2201ABD500F39BCF /* Sources */ = {
			isa = PBXSourcesBuildPhase;
			buildActionMask = 2147483647;
			files = (
				AC049C452201ABD500F39BCF /* ViewController.swift in Sources */,
				AC049C432201ABD500F39BCF /* AppDelegate.swift in Sources */,
			);
			runOnlyForDeploymentPostprocessing = 0;
		};
		AC049C4F2201ABD700F39BCF /* Sources */ = {
			isa = PBXSourcesBuildPhase;
			buildActionMask = 2147483647;
			files = (
				AC049C582201ABD700F39BCF /* CreditScoreInfoTests.swift in Sources */,
			);
			runOnlyForDeploymentPostprocessing = 0;
		};
		AC049C5A2201ABD700F39BCF /* Sources */ = {
			isa = PBXSourcesBuildPhase;
			buildActionMask = 2147483647;
			files = (
				AC049C632201ABD700F39BCF /* CreditScoreInfoUITests.swift in Sources */,
			);
			runOnlyForDeploymentPostprocessing = 0;
		};
/* End PBXSourcesBuildPhase section */

/* Begin PBXTargetDependency section */
		AC049C552201ABD700F39BCF /* PBXTargetDependency */ = {
			isa = PBXTargetDependency;
			target = AC049C3E2201ABD500F39BCF /* CreditScoreInfo */;
			targetProxy = AC049C542201ABD700F39BCF /* PBXContainerItemProxy */;
		};
		AC049C602201ABD700F39BCF /* PBXTargetDependency */ = {
			isa = PBXTargetDependency;
			target = AC049C3E2201ABD500F39BCF /* CreditScoreInfo */;
			targetProxy = AC049C5F2201ABD700F39BCF /* PBXContainerItemProxy */;
		};
/* End PBXTargetDependency section */

/* Begin PBXVariantGroup section */
		AC049C462201ABD500F39BCF /* Main.storyboard */ = {
			isa = PBXVariantGroup;
			children = (
				AC049C472201ABD500F39BCF /* Base */,
			);
			name = Main.storyboard;
			sourceTree = "<group>";
		};
		AC049C4B2201ABD700F39BCF /* LaunchScreen.storyboard */ = {
			isa = PBXVariantGroup;
			children = (
				AC049C4C2201ABD700F39BCF /* Base */,
			);
			name = LaunchScreen.storyboard;
			sourceTree = "<group>";
		};
/* End PBXVariantGroup section */

/* Begin XCBuildConfiguration section */
		AC049C652201ABD700F39BCF /* Debug */ = {
			isa = XCBuildConfiguration;
			buildSettings = {
				ALWAYS_SEARCH_USER_PATHS = NO;
				CLANG_ANALYZER_NONNULL = YES;
				CLANG_ANALYZER_NUMBER_OBJECT_CONVERSION = YES_AGGRESSIVE;
				CLANG_CXX_LANGUAGE_STANDARD = "gnu++14";
				CLANG_CXX_LIBRARY = "libc++";
				CLANG_ENABLE_MODULES = YES;
				CLANG_ENABLE_OBJC_ARC = YES;
				CLANG_ENABLE_OBJC_WEAK = YES;
				CLANG_WARN_BLOCK_CAPTURE_AUTORELEASING = YES;
				CLANG_WARN_BOOL_CONVERSION = YES;
				CLANG_WARN_COMMA = YES;
				CLANG_WARN_CONSTANT_CONVERSION = YES;
				CLANG_WARN_DEPRECATED_OBJC_IMPLEMENTATIONS = YES;
				CLANG_WARN_DIRECT_OBJC_ISA_USAGE = YES_ERROR;
				CLANG_WARN_DOCUMENTATION_COMMENTS = YES;
				CLANG_WARN_EMPTY_BODY = YES;
				CLANG_WARN_ENUM_CONVERSION = YES;
				CLANG_WARN_INFINITE_RECURSION = YES;
				CLANG_WARN_INT_CONVERSION = YES;
				CLANG_WARN_NON_LITERAL_NULL_CONVERSION = YES;
				CLANG_WARN_OBJC_IMPLICIT_RETAIN_SELF = YES;
				CLANG_WARN_OBJC_LITERAL_CONVERSION = YES;
				CLANG_WARN_OBJC_ROOT_CLASS = YES_ERROR;
				CLANG_WARN_RANGE_LOOP_ANALYSIS = YES;
				CLANG_WARN_STRICT_PROTOTYPES = YES;
				CLANG_WARN_SUSPICIOUS_MOVE = YES;
				CLANG_WARN_UNGUARDED_AVAILABILITY = YES_AGGRESSIVE;
				CLANG_WARN_UNREACHABLE_CODE = YES;
				CLANG_WARN__DUPLICATE_METHOD_MATCH = YES;
				CODE_SIGN_IDENTITY = "iPhone Developer";
				COPY_PHASE_STRIP = NO;
				DEBUG_INFORMATION_FORMAT = dwarf;
				ENABLE_STRICT_OBJC_MSGSEND = YES;
				ENABLE_TESTABILITY = YES;
				GCC_C_LANGUAGE_STANDARD = gnu11;
				GCC_DYNAMIC_NO_PIC = NO;
				GCC_NO_COMMON_BLOCKS = YES;
				GCC_OPTIMIZATION_LEVEL = 0;
				GCC_PREPROCESSOR_DEFINITIONS = (
					"DEBUG=1",
					"$(inherited)",
				);
				GCC_WARN_64_TO_32_BIT_CONVERSION = YES;
				GCC_WARN_ABOUT_RETURN_TYPE = YES_ERROR;
				GCC_WARN_UNDECLARED_SELECTOR = YES;
				GCC_WARN_UNINITIALIZED_AUTOS = YES_AGGRESSIVE;
				GCC_WARN_UNUSED_FUNCTION = YES;
				GCC_WARN_UNUSED_VARIABLE = YES;
				IPHONEOS_DEPLOYMENT_TARGET = 12.1;
				MTL_ENABLE_DEBUG_INFO = INCLUDE_SOURCE;
				MTL_FAST_MATH = YES;
				ONLY_ACTIVE_ARCH = YES;
				SDKROOT = iphoneos;
				SWIFT_ACTIVE_COMPILATION_CONDITIONS = DEBUG;
				SWIFT_OPTIMIZATION_LEVEL = "-Onone";
			};
			name = Debug;
		};
		AC049C662201ABD700F39BCF /* Release */ = {
			isa = XCBuildConfiguration;
			buildSettings = {
				ALWAYS_SEARCH_USER_PATHS = NO;
				CLANG_ANALYZER_NONNULL = YES;
				CLANG_ANALYZER_NUMBER_OBJECT_CONVERSION = YES_AGGRESSIVE;
				CLANG_CXX_LANGUAGE_STANDARD = "gnu++14";
				CLANG_CXX_LIBRARY = "libc++";
				CLANG_ENABLE_MODULES = YES;
				CLANG_ENABLE_OBJC_ARC = YES;
				CLANG_ENABLE_OBJC_WEAK = YES;
				CLANG_WARN_BLOCK_CAPTURE_AUTORELEASING = YES;
				CLANG_WARN_BOOL_CONVERSION = YES;
				CLANG_WARN_COMMA = YES;
				CLANG_WARN_CONSTANT_CONVERSION = YES;
				CLANG_WARN_DEPRECATED_OBJC_IMPLEMENTATIONS = YES;
				CLANG_WARN_DIRECT_OBJC_ISA_USAGE = YES_ERROR;
				CLANG_WARN_DOCUMENTATION_COMMENTS = YES;
				CLANG_WARN_EMPTY_BODY = YES;
				CLANG_WARN_ENUM_CONVERSION = YES;
				CLANG_WARN_INFINITE_RECURSION = YES;
				CLANG_WARN_INT_CONVERSION = YES;
				CLANG_WARN_NON_LITERAL_NULL_CONVERSION = YES;
				CLANG_WARN_OBJC_IMPLICIT_RETAIN_SELF = YES;
				CLANG_WARN_OBJC_LITERAL_CONVERSION = YES;
				CLANG_WARN_OBJC_ROOT_CLASS = YES_ERROR;
				CLANG_WARN_RANGE_LOOP_ANALYSIS = YES;
				CLANG_WARN_STRICT_PROTOTYPES = YES;
				CLANG_WARN_SUSPICIOUS_MOVE = YES;
				CLANG_WARN_UNGUARDED_AVAILABILITY = YES_AGGRESSIVE;
				CLANG_WARN_UNREACHABLE_CODE = YES;
				CLANG_WARN__DUPLICATE_METHOD_MATCH = YES;
				CODE_SIGN_IDENTITY = "iPhone Developer";
				COPY_PHASE_STRIP = NO;
				DEBUG_INFORMATION_FORMAT = "dwarf-with-dsym";
				ENABLE_NS_ASSERTIONS = NO;
				ENABLE_STRICT_OBJC_MSGSEND = YES;
				GCC_C_LANGUAGE_STANDARD = gnu11;
				GCC_NO_COMMON_BLOCKS = YES;
				GCC_WARN_64_TO_32_BIT_CONVERSION = YES;
				GCC_WARN_ABOUT_RETURN_TYPE = YES_ERROR;
				GCC_WARN_UNDECLARED_SELECTOR = YES;
				GCC_WARN_UNINITIALIZED_AUTOS = YES_AGGRESSIVE;
				GCC_WARN_UNUSED_FUNCTION = YES;
				GCC_WARN_UNUSED_VARIABLE = YES;
				IPHONEOS_DEPLOYMENT_TARGET = 12.1;
				MTL_ENABLE_DEBUG_INFO = NO;
				MTL_FAST_MATH = YES;
				SDKROOT = iphoneos;
				SWIFT_COMPILATION_MODE = wholemodule;
				SWIFT_OPTIMIZATION_LEVEL = "-O";
				VALIDATE_PRODUCT = YES;
			};
			name = Release;
		};
		AC049C682201ABD700F39BCF /* Debug */ = {
			isa = XCBuildConfiguration;
			buildSettings = {
				ASSETCATALOG_COMPILER_APPICON_NAME = AppIcon;
				CODE_SIGN_STYLE = Automatic;
				DEVELOPMENT_TEAM = 8LNA9LB2Y8;
				INFOPLIST_FILE = CreditScoreInfo/Info.plist;
				LD_RUNPATH_SEARCH_PATHS = (
					"$(inherited)",
					"@executable_path/Frameworks",
				);
				PRODUCT_BUNDLE_IDENTIFIER = com.alexandrefreire.CreditScoreInfo;
				PRODUCT_NAME = "$(TARGET_NAME)";
				SWIFT_VERSION = 4.2;
				TARGETED_DEVICE_FAMILY = "1,2";
			};
			name = Debug;
		};
		AC049C692201ABD700F39BCF /* Release */ = {
			isa = XCBuildConfiguration;
			buildSettings = {
				ASSETCATALOG_COMPILER_APPICON_NAME = AppIcon;
				CODE_SIGN_STYLE = Automatic;
				DEVELOPMENT_TEAM = 8LNA9LB2Y8;
				INFOPLIST_FILE = CreditScoreInfo/Info.plist;
				LD_RUNPATH_SEARCH_PATHS = (
					"$(inherited)",
					"@executable_path/Frameworks",
				);
				PRODUCT_BUNDLE_IDENTIFIER = com.alexandrefreire.CreditScoreInfo;
				PRODUCT_NAME = "$(TARGET_NAME)";
				SWIFT_VERSION = 4.2;
				TARGETED_DEVICE_FAMILY = "1,2";
			};
			name = Release;
		};
		AC049C6B2201ABD700F39BCF /* Debug */ = {
			isa = XCBuildConfiguration;
			buildSettings = {
				ALWAYS_EMBED_SWIFT_STANDARD_LIBRARIES = YES;
				BUNDLE_LOADER = "$(TEST_HOST)";
				CODE_SIGN_STYLE = Automatic;
				DEVELOPMENT_TEAM = 8LNA9LB2Y8;
				INFOPLIST_FILE = CreditScoreInfoTests/Info.plist;
				LD_RUNPATH_SEARCH_PATHS = (
					"$(inherited)",
					"@executable_path/Frameworks",
					"@loader_path/Frameworks",
				);
				PRODUCT_BUNDLE_IDENTIFIER = com.alexandrefreire.CreditScoreInfoTests;
				PRODUCT_NAME = "$(TARGET_NAME)";
				SWIFT_VERSION = 4.2;
				TARGETED_DEVICE_FAMILY = "1,2";
				TEST_HOST = "$(BUILT_PRODUCTS_DIR)/CreditScoreInfo.app/CreditScoreInfo";
			};
			name = Debug;
		};
		AC049C6C2201ABD700F39BCF /* Release */ = {
			isa = XCBuildConfiguration;
			buildSettings = {
				ALWAYS_EMBED_SWIFT_STANDARD_LIBRARIES = YES;
				BUNDLE_LOADER = "$(TEST_HOST)";
				CODE_SIGN_STYLE = Automatic;
				DEVELOPMENT_TEAM = 8LNA9LB2Y8;
				INFOPLIST_FILE = CreditScoreInfoTests/Info.plist;
				LD_RUNPATH_SEARCH_PATHS = (
					"$(inherited)",
					"@executable_path/Frameworks",
					"@loader_path/Frameworks",
				);
				PRODUCT_BUNDLE_IDENTIFIER = com.alexandrefreire.CreditScoreInfoTests;
				PRODUCT_NAME = "$(TARGET_NAME)";
				SWIFT_VERSION = 4.2;
				TARGETED_DEVICE_FAMILY = "1,2";
				TEST_HOST = "$(BUILT_PRODUCTS_DIR)/CreditScoreInfo.app/CreditScoreInfo";
			};
			name = Release;
		};
		AC049C6E2201ABD700F39BCF /* Debug */ = {
			isa = XCBuildConfiguration;
			buildSettings = {
				ALWAYS_EMBED_SWIFT_STANDARD_LIBRARIES = YES;
				CODE_SIGN_STYLE = Automatic;
				DEVELOPMENT_TEAM = 8LNA9LB2Y8;
				INFOPLIST_FILE = CreditScoreInfoUITests/Info.plist;
				LD_RUNPATH_SEARCH_PATHS = (
					"$(inherited)",
					"@executable_path/Frameworks",
					"@loader_path/Frameworks",
				);
				PRODUCT_BUNDLE_IDENTIFIER = com.alexandrefreire.CreditScoreInfoUITests;
				PRODUCT_NAME = "$(TARGET_NAME)";
				SWIFT_VERSION = 4.2;
				TARGETED_DEVICE_FAMILY = "1,2";
				TEST_TARGET_NAME = CreditScoreInfo;
			};
			name = Debug;
		};
		AC049C6F2201ABD700F39BCF /* Release */ = {
			isa = XCBuildConfiguration;
			buildSettings = {
				ALWAYS_EMBED_SWIFT_STANDARD_LIBRARIES = YES;
				CODE_SIGN_STYLE = Automatic;
				DEVELOPMENT_TEAM = 8LNA9LB2Y8;
				INFOPLIST_FILE = CreditScoreInfoUITests/Info.plist;
				LD_RUNPATH_SEARCH_PATHS = (
					"$(inherited)",
					"@executable_path/Frameworks",
					"@loader_path/Frameworks",
				);
				PRODUCT_BUNDLE_IDENTIFIER = com.alexandrefreire.CreditScoreInfoUITests;
				PRODUCT_NAME = "$(TARGET_NAME)";
				SWIFT_VERSION = 4.2;
				TARGETED_DEVICE_FAMILY = "1,2";
				TEST_TARGET_NAME = CreditScoreInfo;
			};
			name = Release;
		};
/* End XCBuildConfiguration section */

/* Begin XCConfigurationList section */
		AC049C3A2201ABD500F39BCF /* Build configuration list for PBXProject "CreditScoreInfo" */ = {
			isa = XCConfigurationList;
			buildConfigurations = (
				AC049C652201ABD700F39BCF /* Debug */,
				AC049C662201ABD700F39BCF /* Release */,
			);
			defaultConfigurationIsVisible = 0;
			defaultConfigurationName = Release;
		};
		AC049C672201ABD700F39BCF /* Build configuration list for PBXNativeTarget "CreditScoreInfo" */ = {
			isa = XCConfigurationList;
			buildConfigurations = (
				AC049C682201ABD700F39BCF /* Debug */,
				AC049C692201ABD700F39BCF /* Release */,
			);
			defaultConfigurationIsVisible = 0;
			defaultConfigurationName = Release;
		};
		AC049C6A2201ABD700F39BCF /* Build configuration list for PBXNativeTarget "CreditScoreInfoTests" */ = {
			isa = XCConfigurationList;
			buildConfigurations = (
				AC049C6B2201ABD700F39BCF /* Debug */,
				AC049C6C2201ABD700F39BCF /* Release */,
			);
			defaultConfigurationIsVisible = 0;
			defaultConfigurationName = Release;
		};
		AC049C6D2201ABD700F39BCF /* Build configuration list for PBXNativeTarget "CreditScoreInfoUITests" */ = {
			isa = XCConfigurationList;
			buildConfigurations = (
				AC049C6E2201ABD700F39BCF /* Debug */,
				AC049C6F2201ABD700F39BCF /* Release */,
			);
			defaultConfigurationIsVisible = 0;
			defaultConfigurationName = Release;
		};
/* End XCConfigurationList section */
	};
	rootObject = AC049C372201ABD500F39BCF /* Project object */;
}
